{
  "name": "extensions-templates",
  "version": "0.0.1",
  "lockfileVersion": 3,
  "requires": true,
  "packages": {
    "": {
      "name": "extensions-templates",
      "version": "0.0.1",
      "devDependencies": {
        "@octokit/core": "^4.2.4",
        "ansi-colors": "^4.1.3",
        "fs-extra": "^11.2.0",
        "octokit-plugin-create-pull-request": "^3.12.2",
        "pathe": "^1.1.2"
      }
    },
    "node_modules/@octokit/auth-token": {
      "version": "3.0.4",
      "resolved": "https://registry.npmjs.org/@octokit/auth-token/-/auth-token-3.0.4.tgz",
      "integrity": "sha512-TWFX7cZF2LXoCvdmJWY7XVPi74aSY0+FfBZNSXEXFkMpjcqsQwDSYVv5FhRFaI0V1ECnwbz4j59T/G+rXNWaIQ==",
      "dev": true,
      "license": "MIT",
      "engines": {
        "node": ">= 14"
      }
    },
    "node_modules/@octokit/core": {
      "version": "4.2.4",
      "resolved": "https://registry.npmjs.org/@octokit/core/-/core-4.2.4.tgz",
      "integrity": "sha512-rYKilwgzQ7/imScn3M9/pFfUf4I1AZEH3KhyJmtPdE2zfaXAn2mFfUy4FbKewzc2We5y/LlKLj36fWJLKC2SIQ==",
      "dev": true,
      "license": "MIT",
      "dependencies": {
        "@octokit/auth-token": "^3.0.0",
        "@octokit/graphql": "^5.0.0",
        "@octokit/request": "^6.0.0",
        "@octokit/request-error": "^3.0.0",
        "@octokit/types": "^9.0.0",
        "before-after-hook": "^2.2.0",
        "universal-user-agent": "^6.0.0"
      },
      "engines": {
        "node": ">= 14"
      }
    },
    "node_modules/@octokit/endpoint": {
      "version": "7.0.6",
      "resolved": "https://registry.npmjs.org/@octokit/endpoint/-/endpoint-7.0.6.tgz",
      "integrity": "sha512-5L4fseVRUsDFGR00tMWD/Trdeeihn999rTMGRMC1G/Ldi1uWlWJzI98H4Iak5DB/RVvQuyMYKqSK/R6mbSOQyg==",
      "dev": true,
      "license": "MIT",
      "dependencies": {
        "@octokit/types": "^9.0.0",
        "is-plain-object": "^5.0.0",
        "universal-user-agent": "^6.0.0"
      },
      "engines": {
        "node": ">= 14"
      }
    },
    "node_modules/@octokit/graphql": {
      "version": "5.0.6",
      "resolved": "https://registry.npmjs.org/@octokit/graphql/-/graphql-5.0.6.tgz",
      "integrity": "sha512-Fxyxdy/JH0MnIB5h+UQ3yCoh1FG4kWXfFKkpWqjZHw/p+Kc8Y44Hu/kCgNBT6nU1shNumEchmW/sUO1JuQnPcw==",
      "dev": true,
      "license": "MIT",
      "dependencies": {
        "@octokit/request": "^6.0.0",
        "@octokit/types": "^9.0.0",
        "universal-user-agent": "^6.0.0"
      },
      "engines": {
        "node": ">= 14"
      }
    },
    "node_modules/@octokit/openapi-types": {
      "version": "18.1.1",
      "resolved": "https://registry.npmjs.org/@octokit/openapi-types/-/openapi-types-18.1.1.tgz",
      "integrity": "sha512-VRaeH8nCDtF5aXWnjPuEMIYf1itK/s3JYyJcWFJT8X9pSNnBtriDf7wlEWsGuhPLl4QIH4xM8fqTXDwJ3Mu6sw==",
      "dev": true,
      "license": "MIT"
    },
    "node_modules/@octokit/request": {
      "version": "6.2.8",
      "resolved": "https://registry.npmjs.org/@octokit/request/-/request-6.2.8.tgz",
      "integrity": "sha512-ow4+pkVQ+6XVVsekSYBzJC0VTVvh/FCTUUgTsboGq+DTeWdyIFV8WSCdo0RIxk6wSkBTHqIK1mYuY7nOBXOchw==",
      "dev": true,
      "license": "MIT",
      "dependencies": {
        "@octokit/endpoint": "^7.0.0",
        "@octokit/request-error": "^3.0.0",
        "@octokit/types": "^9.0.0",
        "is-plain-object": "^5.0.0",
        "node-fetch": "^2.6.7",
        "universal-user-agent": "^6.0.0"
      },
      "engines": {
        "node": ">= 14"
      }
    },
    "node_modules/@octokit/request-error": {
      "version": "3.0.3",
      "resolved": "https://registry.npmjs.org/@octokit/request-error/-/request-error-3.0.3.tgz",
      "integrity": "sha512-crqw3V5Iy2uOU5Np+8M/YexTlT8zxCfI+qu+LxUB7SZpje4Qmx3mub5DfEKSO8Ylyk0aogi6TYdf6kxzh2BguQ==",
      "dev": true,
      "license": "MIT",
      "dependencies": {
        "@octokit/types": "^9.0.0",
        "deprecation": "^2.0.0",
        "once": "^1.4.0"
      },
      "engines": {
        "node": ">= 14"
      }
    },
    "node_modules/@octokit/types": {
      "version": "9.3.2",
      "resolved": "https://registry.npmjs.org/@octokit/types/-/types-9.3.2.tgz",
      "integrity": "sha512-D4iHGTdAnEEVsB8fl95m1hiz7D5YiRdQ9b/OEb3BYRVwbLsGHcRVPz+u+BgRLNk0Q0/4iZCBqDN96j2XNxfXrA==",
      "dev": true,
      "license": "MIT",
      "dependencies": {
        "@octokit/openapi-types": "^18.0.0"
      }
    },
    "node_modules/ansi-colors": {
      "version": "4.1.3",
      "resolved": "https://registry.npmjs.org/ansi-colors/-/ansi-colors-4.1.3.tgz",
      "integrity": "sha512-/6w/C21Pm1A7aZitlI5Ni/2J6FFQN8i1Cvz3kHABAAbw93v/NlvKdVOqz7CCWz/3iv/JplRSEEZ83XION15ovw==",
      "dev": true,
      "license": "MIT",
      "engines": {
        "node": ">=6"
      }
    },
    "node_modules/before-after-hook": {
      "version": "2.2.3",
      "resolved": "https://registry.npmjs.org/before-after-hook/-/before-after-hook-2.2.3.tgz",
      "integrity": "sha512-NzUnlZexiaH/46WDhANlyR2bXRopNg4F/zuSA3OpZnllCUgRaOF2znDioDWrmbNVsuZk6l9pMquQB38cfBZwkQ==",
      "dev": true,
      "license": "Apache-2.0"
    },
    "node_modules/deprecation": {
      "version": "2.3.1",
      "resolved": "https://registry.npmjs.org/deprecation/-/deprecation-2.3.1.tgz",
      "integrity": "sha512-xmHIy4F3scKVwMsQ4WnVaS8bHOx0DmVwRywosKhaILI0ywMDWPtBSku2HNxRvF7jtwDRsoEwYQSfbxj8b7RlJQ==",
      "dev": true,
      "license": "ISC"
    },
    "node_modules/fs-extra": {
      "version": "11.2.0",
      "resolved": "https://registry.npmjs.org/fs-extra/-/fs-extra-11.2.0.tgz",
      "integrity": "sha512-PmDi3uwK5nFuXh7XDTlVnS17xJS7vW36is2+w3xcv8SVxiB4NyATf4ctkVY5bkSjX0Y4nbvZCq1/EjtEyr9ktw==",
      "dev": true,
      "license": "MIT",
      "dependencies": {
        "graceful-fs": "^4.2.0",
        "jsonfile": "^6.0.1",
        "universalify": "^2.0.0"
      },
      "engines": {
        "node": ">=14.14"
      }
    },
    "node_modules/graceful-fs": {
      "version": "4.2.11",
      "resolved": "https://registry.npmjs.org/graceful-fs/-/graceful-fs-4.2.11.tgz",
      "integrity": "sha512-RbJ5/jmFcNNCcDV5o9eTnBLJ/HszWV0P73bc+Ff4nS/rJj+YaS6IGyiOL0VoBYX+l1Wrl3k63h/KrH+nhJ0XvQ==",
      "dev": true,
      "license": "ISC"
    },
    "node_modules/is-plain-object": {
      "version": "5.0.0",
      "resolved": "https://registry.npmjs.org/is-plain-object/-/is-plain-object-5.0.0.tgz",
      "integrity": "sha512-VRSzKkbMm5jMDoKLbltAkFQ5Qr7VDiTFGXxYFXXowVj387GeGNOCsOH6Msy00SGZ3Fp84b1Naa1psqgcCIEP5Q==",
      "dev": true,
      "license": "MIT",
      "engines": {
        "node": ">=0.10.0"
      }
    },
    "node_modules/jsonfile": {
      "version": "6.1.0",
      "resolved": "https://registry.npmjs.org/jsonfile/-/jsonfile-6.1.0.tgz",
      "integrity": "sha512-5dgndWOriYSm5cnYaJNhalLNDKOqFwyDB/rr1E9ZsGciGvKPs8R2xYGCacuf3z6K1YKDz182fd+fY3cn3pMqXQ==",
      "dev": true,
      "license": "MIT",
      "dependencies": {
        "universalify": "^2.0.0"
      },
      "optionalDependencies": {
        "graceful-fs": "^4.1.6"
      }
    },
    "node_modules/node-fetch": {
      "version": "2.7.0",
      "resolved": "https://registry.npmjs.org/node-fetch/-/node-fetch-2.7.0.tgz",
      "integrity": "sha512-c4FRfUm/dbcWZ7U+1Wq0AwCyFL+3nt2bEw05wfxSz+DWpWsitgmSgYmy2dQdWyKC1694ELPqMs/YzUSNozLt8A==",
      "dev": true,
      "license": "MIT",
      "dependencies": {
        "whatwg-url": "^5.0.0"
      },
      "engines": {
        "node": "4.x || >=6.0.0"
      },
      "peerDependencies": {
        "encoding": "^0.1.0"
      },
      "peerDependenciesMeta": {
        "encoding": {
          "optional": true
        }
      }
    },
    "node_modules/octokit-plugin-create-pull-request": {
      "version": "3.13.1",
      "resolved": "https://registry.npmjs.org/octokit-plugin-create-pull-request/-/octokit-plugin-create-pull-request-3.13.1.tgz",
      "integrity": "sha512-nsWZRn7NrqZvqGl3E0VcDDyyS/4xbNNvwWM2yk65TViLdEBoOhIU5SqKdfqANa+WPwv5DwHsO3T10DK1qMg72w==",
      "dev": true,
      "license": "MIT",
      "dependencies": {
        "@octokit/types": "^6.8.2"
      }
    },
    "node_modules/octokit-plugin-create-pull-request/node_modules/@octokit/openapi-types": {
      "version": "12.11.0",
      "resolved": "https://registry.npmjs.org/@octokit/openapi-types/-/openapi-types-12.11.0.tgz",
      "integrity": "sha512-VsXyi8peyRq9PqIz/tpqiL2w3w80OgVMwBHltTml3LmVvXiphgeqmY9mvBw9Wu7e0QWk/fqD37ux8yP5uVekyQ==",
      "dev": true,
      "license": "MIT"
    },
    "node_modules/octokit-plugin-create-pull-request/node_modules/@octokit/types": {
      "version": "6.41.0",
      "resolved": "https://registry.npmjs.org/@octokit/types/-/types-6.41.0.tgz",
      "integrity": "sha512-eJ2jbzjdijiL3B4PrSQaSjuF2sPEQPVCPzBvTHJD9Nz+9dw2SGH4K4xeQJ77YfTq5bRQ+bD8wT11JbeDPmxmGg==",
      "dev": true,
      "license": "MIT",
      "dependencies": {
        "@octokit/openapi-types": "^12.11.0"
      }
    },
    "node_modules/once": {
      "version": "1.4.0",
      "resolved": "https://registry.npmjs.org/once/-/once-1.4.0.tgz",
      "integrity": "sha512-lNaJgI+2Q5URQBkccEKHTQOPaXdUxnZZElQTZY0MFUAuaEqe1E+Nyvgdz/aIyNi6Z9MzO5dv1H8n58/GELp3+w==",
      "dev": true,
      "license": "ISC",
      "dependencies": {
        "wrappy": "1"
      }
    },
    "node_modules/pathe": {
      "version": "1.1.2",
      "resolved": "https://registry.npmjs.org/pathe/-/pathe-1.1.2.tgz",
      "integrity": "sha512-whLdWMYL2TwI08hn8/ZqAbrVemu0LNaNNJZX73O6qaIdCTfXutsLhMkjdENX0qhsQ9uIimo4/aQOmXkoon2nDQ==",
      "dev": true,
      "license": "MIT"
    },
    "node_modules/tr46": {
      "version": "0.0.3",
      "resolved": "https://registry.npmjs.org/tr46/-/tr46-0.0.3.tgz",
      "integrity": "sha512-N3WMsuqV66lT30CrXNbEjx4GEwlow3v6rr4mCcv6prnfwhS01rkgyFdjPNBYd9br7LpXV1+Emh01fHnq2Gdgrw==",
      "dev": true,
      "license": "MIT"
    },
    "node_modules/universal-user-agent": {
      "version": "6.0.1",
      "resolved": "https://registry.npmjs.org/universal-user-agent/-/universal-user-agent-6.0.1.tgz",
      "integrity": "sha512-yCzhz6FN2wU1NiiQRogkTQszlQSlpWaw8SvVegAc+bDxbzHgh1vX8uIe8OYyMH6DwH+sdTJsgMl36+mSMdRJIQ==",
      "dev": true,
      "license": "ISC"
    },
    "node_modules/universalify": {
      "version": "2.0.1",
      "resolved": "https://registry.npmjs.org/universalify/-/universalify-2.0.1.tgz",
      "integrity": "sha512-gptHNQghINnc/vTGIk0SOFGFNXw7JVrlRUtConJRlvaw6DuX0wO5Jeko9sWrMBhh+PsYAZ7oXAiOnf/UKogyiw==",
      "dev": true,
      "license": "MIT",
      "engines": {
        "node": ">= 10.0.0"
      }
    },
    "node_modules/webidl-conversions": {
      "version": "3.0.1",
      "resolved": "https://registry.npmjs.org/webidl-conversions/-/webidl-conversions-3.0.1.tgz",
      "integrity": "sha512-2JAn3z8AR6rjK8Sm8orRC0h/bcl/DqL7tRPdGZ4I1CjdF+EaMLmYxBHyXuKL849eucPFhvBoxMsflfOb8kxaeQ==",
      "dev": true,
      "license": "BSD-2-Clause"
    },
    "node_modules/whatwg-url": {
      "version": "5.0.0",
      "resolved": "https://registry.npmjs.org/whatwg-url/-/whatwg-url-5.0.0.tgz",
      "integrity": "sha512-saE57nupxk6v3HY35+jzBwYa0rKSy0XR8JSxZPwgLr7ys0IBzhGviA1/TUGJLmSVqs8pb9AnvICXEuOHLprYTw==",
      "dev": true,
      "license": "MIT",
      "dependencies": {
        "tr46": "~0.0.3",
        "webidl-conversions": "^3.0.0"
      }
    },
    "node_modules/wrappy": {
      "version": "1.0.2",
      "resolved": "https://registry.npmjs.org/wrappy/-/wrappy-1.0.2.tgz",
      "integrity": "sha512-l4Sp/DRseor9wL6EvV2+TuQn63dMkPjZ/sp9XkghTEbV9KlPS1xUsZ3u7/IQO4wxtcFB4bgpQPRcR3QCvezPcQ==",
      "dev": true,
      "license": "ISC"
    }
  }
}
